
Microsoft Visual Studio Solution File, Format Version 12.00
# Visual Studio Version 17
VisualStudioVersion = 17.10.34928.147
MinimumVisualStudioVersion = 10.0.40219.1
Project("{FAE04EC0-301F-11D3-BF4B-00C04F79EFBC}") = "HashGenerator", "HashGenerator\HashGenerator.csproj", "{24337F33-250B-4617-8F1D-C0451664546C}"
EndProject
Global
	GlobalSection(SolutionConfigurationPlatforms) = preSolution
		Debug|Any CPU = Debug|Any CPU
		Release|Any CPU = Release|Any CPU
	EndGlobalSection
	GlobalSection(ProjectConfigurationPlatforms) = postSolution
		{24337F33-250B-4617-8F1D-C0451664546C}.Debug|Any CPU.ActiveCfg = Debug|Any CPU
		{24337F33-250B-4617-8F1D-C0451664546C}.Debug|Any CPU.Build.0 = Debug|Any CPU
		{24337F33-250B-4617-8F1D-C0451664546C}.Release|Any CPU.ActiveCfg = Release|Any CPU
		{24337F33-250B-4617-8F1D-C0451664546C}.Release|Any CPU.Build.0 = Release|Any CPU
	EndGlobalSection
	GlobalSection(SolutionProperties) = preSolution
		HideSolutionNode = FALSE
	EndGlobalSection
	GlobalSection(ExtensibilityGlobals) = postSolution
		SolutionGuid = {C3E693E6-17AA-4D9B-8B3C-235B29FB01CB}
	EndGlobalSection
EndGlobal
