
Microsoft Visual Studio Solution File, Format Version 12.00
# Visual Studio Version 17
VisualStudioVersion = 17.10.34928.147
MinimumVisualStudioVersion = 10.0.40219.1
Project("{FAE04EC0-301F-11D3-BF4B-00C04F79EFBC}") = "OlimpikonokAPI", "OlimpikonokAPI\OlimpikonokAPI.csproj", "{CA2B1EC6-09A2-4F51-85B8-77542B0B34C5}"
EndProject
Global
	GlobalSection(SolutionConfigurationPlatforms) = preSolution
		Debug|Any CPU = Debug|Any CPU
		Release|Any CPU = Release|Any CPU
	EndGlobalSection
	GlobalSection(ProjectConfigurationPlatforms) = postSolution
		{CA2B1EC6-09A2-4F51-85B8-77542B0B34C5}.Debug|Any CPU.ActiveCfg = Debug|Any CPU
		{CA2B1EC6-09A2-4F51-85B8-77542B0B34C5}.Debug|Any CPU.Build.0 = Debug|Any CPU
		{CA2B1EC6-09A2-4F51-85B8-77542B0B34C5}.Release|Any CPU.ActiveCfg = Release|Any CPU
		{CA2B1EC6-09A2-4F51-85B8-77542B0B34C5}.Release|Any CPU.Build.0 = Release|Any CPU
	EndGlobalSection
	GlobalSection(SolutionProperties) = preSolution
		HideSolutionNode = FALSE
	EndGlobalSection
	GlobalSection(ExtensibilityGlobals) = postSolution
		SolutionGuid = {2B3A8BB5-13C9-4E68-8C9A-55FB69A39481}
	EndGlobalSection
EndGlobal
