
Microsoft Visual Studio Solution File, Format Version 12.00
# Visual Studio Version 17
VisualStudioVersion = 17.10.34928.147
MinimumVisualStudioVersion = 10.0.40219.1
Project("{FAE04EC0-301F-11D3-BF4B-00C04F79EFBC}") = "CegautokAPI", "CegautokAPI\CegautokAPI.csproj", "{232515DB-5658-43FF-B09B-E97CC14C6B05}"
EndProject
Global
	GlobalSection(SolutionConfigurationPlatforms) = preSolution
		Debug|Any CPU = Debug|Any CPU
		Release|Any CPU = Release|Any CPU
	EndGlobalSection
	GlobalSection(ProjectConfigurationPlatforms) = postSolution
		{232515DB-5658-43FF-B09B-E97CC14C6B05}.Debug|Any CPU.ActiveCfg = Debug|Any CPU
		{232515DB-5658-43FF-B09B-E97CC14C6B05}.Debug|Any CPU.Build.0 = Debug|Any CPU
		{232515DB-5658-43FF-B09B-E97CC14C6B05}.Release|Any CPU.ActiveCfg = Release|Any CPU
		{232515DB-5658-43FF-B09B-E97CC14C6B05}.Release|Any CPU.Build.0 = Release|Any CPU
	EndGlobalSection
	GlobalSection(SolutionProperties) = preSolution
		HideSolutionNode = FALSE
	EndGlobalSection
	GlobalSection(ExtensibilityGlobals) = postSolution
		SolutionGuid = {8D9617BD-DEB7-4C65-B22E-1E7DA341446A}
	EndGlobalSection
EndGlobal
