
Microsoft Visual Studio Solution File, Format Version 12.00
# Visual Studio Version 17
VisualStudioVersion = 17.13.35806.99 d17.13
MinimumVisualStudioVersion = 10.0.40219.1
Project("{FAE04EC0-301F-11D3-BF4B-00C04F79EFBC}") = "WebAppPelda", "WebAppPelda\WebAppPelda.csproj", "{921DF413-99FB-4119-9482-1A5D1542B270}"
EndProject
Global
	GlobalSection(SolutionConfigurationPlatforms) = preSolution
		Debug|Any CPU = Debug|Any CPU
		Release|Any CPU = Release|Any CPU
	EndGlobalSection
	GlobalSection(ProjectConfigurationPlatforms) = postSolution
		{921DF413-99FB-4119-9482-1A5D1542B270}.Debug|Any CPU.ActiveCfg = Debug|Any CPU
		{921DF413-99FB-4119-9482-1A5D1542B270}.Debug|Any CPU.Build.0 = Debug|Any CPU
		{921DF413-99FB-4119-9482-1A5D1542B270}.Release|Any CPU.ActiveCfg = Release|Any CPU
		{921DF413-99FB-4119-9482-1A5D1542B270}.Release|Any CPU.Build.0 = Release|Any CPU
	EndGlobalSection
	GlobalSection(SolutionProperties) = preSolution
		HideSolutionNode = FALSE
	EndGlobalSection
	GlobalSection(ExtensibilityGlobals) = postSolution
		SolutionGuid = {1E8A7E0D-9670-4D0C-A0BD-33B7D72B7BDF}
	EndGlobalSection
EndGlobal
